
Microsoft Visual Studio Solution File, Format Version 12.00
# Visual Studio Version 16
VisualStudioVersion = 16.0.31005.135
MinimumVisualStudioVersion = 10.0.40219.1
Project("{FAE04EC0-301F-11D3-BF4B-00C04F79EFBC}") = "ProductShop", "ProductShop\ProductShop.csproj", "{D31843D8-A0FC-4965-877C-32B6F4A4B784}"
EndProject
Global
	GlobalSection(SolutionConfigurationPlatforms) = preSolution
		Debug|Any CPU = Debug|Any CPU
		Release|Any CPU = Release|Any CPU
	EndGlobalSection
	GlobalSection(ProjectConfigurationPlatforms) = postSolution
		{D31843D8-A0FC-4965-877C-32B6F4A4B784}.Debug|Any CPU.ActiveCfg = Debug|Any CPU
		{D31843D8-A0FC-4965-877C-32B6F4A4B784}.Debug|Any CPU.Build.0 = Debug|Any CPU
		{D31843D8-A0FC-4965-877C-32B6F4A4B784}.Release|Any CPU.ActiveCfg = Release|Any CPU
		{D31843D8-A0FC-4965-877C-32B6F4A4B784}.Release|Any CPU.Build.0 = Release|Any CPU
	EndGlobalSection
	GlobalSection(SolutionProperties) = preSolution
		HideSolutionNode = FALSE
	EndGlobalSection
	GlobalSection(ExtensibilityGlobals) = postSolution
		SolutionGuid = {51953B74-26DE-4FBD-9013-B3972C83C57C}
	EndGlobalSection
EndGlobal
